
Microsoft Visual Studio Solution File, Format Version 12.00
# Visual Studio Version 17
VisualStudioVersion = 17.5.002.0
MinimumVisualStudioVersion = 10.0.40219.1
Project("{9A19103F-16F7-4668-BE54-9A1E7A4F7556}") = "linqProducts", "linqProducts.csproj", "{995659F0-678A-4810-B82B-3C68B6CD3FAB}"
EndProject
Global
	GlobalSection(SolutionConfigurationPlatforms) = preSolution
		Debug|Any CPU = Debug|Any CPU
		Release|Any CPU = Release|Any CPU
	EndGlobalSection
	GlobalSection(ProjectConfigurationPlatforms) = postSolution
		{995659F0-678A-4810-B82B-3C68B6CD3FAB}.Debug|Any CPU.ActiveCfg = Debug|Any CPU
		{995659F0-678A-4810-B82B-3C68B6CD3FAB}.Debug|Any CPU.Build.0 = Debug|Any CPU
		{995659F0-678A-4810-B82B-3C68B6CD3FAB}.Release|Any CPU.ActiveCfg = Release|Any CPU
		{995659F0-678A-4810-B82B-3C68B6CD3FAB}.Release|Any CPU.Build.0 = Release|Any CPU
	EndGlobalSection
	GlobalSection(SolutionProperties) = preSolution
		HideSolutionNode = FALSE
	EndGlobalSection
	GlobalSection(ExtensibilityGlobals) = postSolution
		SolutionGuid = {90249E45-CA3B-4578-8414-ACA5ED1D5067}
	EndGlobalSection
EndGlobal
